
Microsoft Visual Studio Solution File, Format Version 12.00
# Visual Studio 15
VisualStudioVersion = 15.0.28307.168
MinimumVisualStudioVersion = 10.0.40219.1
Project("{FAE04EC0-301F-11D3-BF4B-00C04F79EFBC}") = "ConsoleApp1", "ConsoleApp1\ConsoleApp1.csproj", "{9021069C-DEAB-4665-9435-9A2D4CAB5148}"
EndProject
Global
	GlobalSection(SolutionConfigurationPlatforms) = preSolution
		Debug|Any CPU = Debug|Any CPU
		Release|Any CPU = Release|Any CPU
	EndGlobalSection
	GlobalSection(ProjectConfigurationPlatforms) = postSolution
		{9021069C-DEAB-4665-9435-9A2D4CAB5148}.Debug|Any CPU.ActiveCfg = Debug|Any CPU
		{9021069C-DEAB-4665-9435-9A2D4CAB5148}.Debug|Any CPU.Build.0 = Debug|Any CPU
		{9021069C-DEAB-4665-9435-9A2D4CAB5148}.Release|Any CPU.ActiveCfg = Release|Any CPU
		{9021069C-DEAB-4665-9435-9A2D4CAB5148}.Release|Any CPU.Build.0 = Release|Any CPU
	EndGlobalSection
	GlobalSection(SolutionProperties) = preSolution
		HideSolutionNode = FALSE
	EndGlobalSection
	GlobalSection(ExtensibilityGlobals) = postSolution
		SolutionGuid = {BDADE4B2-CD98-479C-BB5D-1EF47795F33C}
	EndGlobalSection
EndGlobal
